PODS:
  - Flutter (1.0.0)
  - flutter_native_photo_viewer (0.0.1):
    - Flutter
    - YBImageBrowser
    - YBImageBrowser/Video
    - YYImage/WebP
  - SDWebImage (5.14.2):
    - SDWebImage/Core (= 5.14.2)
  - SDWebImage/Core (5.14.2)
  - YBImageBrowser (3.0.9):
    - YBImageBrowser/Core (= 3.0.9)
  - YBImageBrowser/Core (3.0.9):
    - SDWebImage (>= 5.0.0)
    - YYImage
  - YBImageBrowser/Video (3.0.9):
    - YBImageBrowser/Core
  - YYImage (1.0.4):
    - YYImage/Core (= 1.0.4)
  - YYImage/Core (1.0.4)
  - YYImage/WebP (1.0.4):
    - YYImage/Core

DEPENDENCIES:
  - Flutter (from `Flutter`)
  - flutter_native_photo_viewer (from `.symlinks/plugins/flutter_native_photo_viewer/ios`)

SPEC REPOS:
  trunk:
    - SDWebImage
    - YBImageBrowser
    - YYImage

EXTERNAL SOURCES:
  Flutter:
    :path: Flutter
  flutter_native_photo_viewer:
    :path: ".symlinks/plugins/flutter_native_photo_viewer/ios"

SPEC CHECKSUMS:
  Flutter: f04841e97a9d0b0a8025694d0796dd46242b2854
  flutter_native_photo_viewer: 3b88da62c922b05a95933b8dee93b6b5c8632f18
  SDWebImage: b9a731e1d6307f44ca703b3976d18c24ca561e84
  YBImageBrowser: 7ecc8bf33ffa5f3b94c397c29b4f3638dd37f527
  YYImage: 1e1b62a9997399593e4b9c4ecfbbabbf1d3f3b54

PODFILE CHECKSUM: 663715e941f9adb426e33bf9376914006f9ea95b

COCOAPODS: 1.11.3
