PODS:
  - Flutter (1.0.0)
  - flutter_native_photo_viewer (0.0.1):
    - Flutter
    - SDWebImage (>= 5.0.0)
    - YYImage/WebP
  - SDWebImage (5.14.2):
    - SDWebImage/Core (= 5.14.2)
  - SDWebImage/Core (5.14.2)
  - YYImage/Core (1.0.4)
  - YYImage/WebP (1.0.4):
    - YYImage/Core

DEPENDENCIES:
  - Flutter (from `Flutter`)
  - flutter_native_photo_viewer (from `.symlinks/plugins/flutter_native_photo_viewer/ios`)

SPEC REPOS:
  trunk:
    - SDWebImage
    - YYImage

EXTERNAL SOURCES:
  Flutter:
    :path: Flutter
  flutter_native_photo_viewer:
    :path: ".symlinks/plugins/flutter_native_photo_viewer/ios"

SPEC CHECKSUMS:
  Flutter: f04841e97a9d0b0a8025694d0796dd46242b2854
  flutter_native_photo_viewer: ac0b54a8dd5ea92c3b432dc1a12906cfcb69ebb7
  SDWebImage: b9a731e1d6307f44ca703b3976d18c24ca561e84
  YYImage: 1e1b62a9997399593e4b9c4ecfbbabbf1d3f3b54

PODFILE CHECKSUM: 663715e941f9adb426e33bf9376914006f9ea95b

COCOAPODS: 1.11.3
